
Microsoft Visual Studio Solution File, Format Version 12.00
# Visual Studio 15
VisualStudioVersion = 15.0.27130.2024
MinimumVisualStudioVersion = 10.0.40219.1
Project("{8BC9CEB8-8B4A-11D0-8D11-00A0C91BC942}") = "baekjoon_2231", "baekjoon_2231\baekjoon_2231.vcxproj", "{3309B6EC-2A88-4FA1-B702-33F41619287E}"
EndProject
Global
	GlobalSection(SolutionConfigurationPlatforms) = preSolution
		Debug|x64 = Debug|x64
		Debug|x86 = Debug|x86
		Release|x64 = Release|x64
		Release|x86 = Release|x86
	EndGlobalSection
	GlobalSection(ProjectConfigurationPlatforms) = postSolution
		{3309B6EC-2A88-4FA1-B702-33F41619287E}.Debug|x64.ActiveCfg = Debug|x64
		{3309B6EC-2A88-4FA1-B702-33F41619287E}.Debug|x64.Build.0 = Debug|x64
		{3309B6EC-2A88-4FA1-B702-33F41619287E}.Debug|x86.ActiveCfg = Debug|Win32
		{3309B6EC-2A88-4FA1-B702-33F41619287E}.Debug|x86.Build.0 = Debug|Win32
		{3309B6EC-2A88-4FA1-B702-33F41619287E}.Release|x64.ActiveCfg = Release|x64
		{3309B6EC-2A88-4FA1-B702-33F41619287E}.Release|x64.Build.0 = Release|x64
		{3309B6EC-2A88-4FA1-B702-33F41619287E}.Release|x86.ActiveCfg = Release|Win32
		{3309B6EC-2A88-4FA1-B702-33F41619287E}.Release|x86.Build.0 = Release|Win32
	EndGlobalSection
	GlobalSection(SolutionProperties) = preSolution
		HideSolutionNode = FALSE
	EndGlobalSection
	GlobalSection(ExtensibilityGlobals) = postSolution
		SolutionGuid = {6903F881-91B9-4F27-B51E-232237E81AE9}
	EndGlobalSection
EndGlobal
